
Microsoft Visual Studio Solution File, Format Version 12.00
# Visual Studio Version 17
VisualStudioVersion = 17.0.31903.59
MinimumVisualStudioVersion = 10.0.40219.1
Project("{2150E333-8FDC-42A3-9474-1A3956D46DE8}") = "src", "src", "{827E0CD3-B72D-47B6-A68D-7590B98EB39B}"
EndProject
Project("{FAE04EC0-301F-11D3-BF4B-00C04F79EFBC}") = "UniCli.Client", "src\UniCli.Client\UniCli.Client.csproj", "{FB67A713-18F1-4985-B7F9-DD7AEED66644}"
EndProject
Project("{FAE04EC0-301F-11D3-BF4B-00C04F79EFBC}") = "UniCli.Protocol", "src\UniCli.Protocol\UniCli.Protocol.csproj", "{C30C491E-5CD7-45D4-9BCD-35EF289A5CD7}"
EndProject
Project("{FAE04EC0-301F-11D3-BF4B-00C04F79EFBC}") = "UniCli.SourceGenerator", "src\UniCli.SourceGenerator\UniCli.SourceGenerator.csproj", "{061B259A-331F-4C54-B64D-4CAB513EDC50}"
EndProject
Project("{FAE04EC0-301F-11D3-BF4B-00C04F79EFBC}") = "UniCli.Client.Tests", "src\UniCli.Client.Tests\UniCli.Client.Tests.csproj", "{3F7401C1-E6DB-474F-944A-9978D9F0E703}"
EndProject
Global
	GlobalSection(SolutionConfigurationPlatforms) = preSolution
		Debug|Any CPU = Debug|Any CPU
		Release|Any CPU = Release|Any CPU
	EndGlobalSection
	GlobalSection(ProjectConfigurationPlatforms) = postSolution
		{FB67A713-18F1-4985-B7F9-DD7AEED66644}.Debug|Any CPU.ActiveCfg = Debug|Any CPU
		{FB67A713-18F1-4985-B7F9-DD7AEED66644}.Debug|Any CPU.Build.0 = Debug|Any CPU
		{FB67A713-18F1-4985-B7F9-DD7AEED66644}.Release|Any CPU.ActiveCfg = Release|Any CPU
		{FB67A713-18F1-4985-B7F9-DD7AEED66644}.Release|Any CPU.Build.0 = Release|Any CPU
		{C30C491E-5CD7-45D4-9BCD-35EF289A5CD7}.Debug|Any CPU.ActiveCfg = Debug|Any CPU
		{C30C491E-5CD7-45D4-9BCD-35EF289A5CD7}.Debug|Any CPU.Build.0 = Debug|Any CPU
		{C30C491E-5CD7-45D4-9BCD-35EF289A5CD7}.Release|Any CPU.ActiveCfg = Release|Any CPU
		{C30C491E-5CD7-45D4-9BCD-35EF289A5CD7}.Release|Any CPU.Build.0 = Release|Any CPU
		{061B259A-331F-4C54-B64D-4CAB513EDC50}.Debug|Any CPU.ActiveCfg = Debug|Any CPU
		{061B259A-331F-4C54-B64D-4CAB513EDC50}.Debug|Any CPU.Build.0 = Debug|Any CPU
		{061B259A-331F-4C54-B64D-4CAB513EDC50}.Release|Any CPU.ActiveCfg = Release|Any CPU
		{061B259A-331F-4C54-B64D-4CAB513EDC50}.Release|Any CPU.Build.0 = Release|Any CPU
		{3F7401C1-E6DB-474F-944A-9978D9F0E703}.Debug|Any CPU.ActiveCfg = Debug|Any CPU
		{3F7401C1-E6DB-474F-944A-9978D9F0E703}.Debug|Any CPU.Build.0 = Debug|Any CPU
		{3F7401C1-E6DB-474F-944A-9978D9F0E703}.Release|Any CPU.ActiveCfg = Release|Any CPU
		{3F7401C1-E6DB-474F-944A-9978D9F0E703}.Release|Any CPU.Build.0 = Release|Any CPU
	EndGlobalSection
	GlobalSection(SolutionProperties) = preSolution
		HideSolutionNode = FALSE
	EndGlobalSection
	GlobalSection(NestedProjects) = preSolution
		{FB67A713-18F1-4985-B7F9-DD7AEED66644} = {827E0CD3-B72D-47B6-A68D-7590B98EB39B}
		{C30C491E-5CD7-45D4-9BCD-35EF289A5CD7} = {827E0CD3-B72D-47B6-A68D-7590B98EB39B}
		{061B259A-331F-4C54-B64D-4CAB513EDC50} = {827E0CD3-B72D-47B6-A68D-7590B98EB39B}
		{3F7401C1-E6DB-474F-944A-9978D9F0E703} = {827E0CD3-B72D-47B6-A68D-7590B98EB39B}
	EndGlobalSection
EndGlobal
